
Microsoft Visual Studio Solution File, Format Version 12.00
# Visual Studio Version 17
VisualStudioVersion = 17.0.31919.166
MinimumVisualStudioVersion = 10.0.40219.1
Project("{FAE04EC0-301F-11D3-BF4B-00C04F79EFBC}") = "TddLibrary", "TddLibrary\TddLibrary.csproj", "{AAAE807F-93AC-49CF-92DE-816FB3504825}"
EndProject
Project("{FAE04EC0-301F-11D3-BF4B-00C04F79EFBC}") = "TddLibraryTest", "TddLibraryTest\TddLibraryTest.csproj", "{4F2B2D19-EB9A-477C-AF54-CB96D7E8C4DB}"
EndProject
Global
	GlobalSection(SolutionConfigurationPlatforms) = preSolution
		Debug|Any CPU = Debug|Any CPU
		Release|Any CPU = Release|Any CPU
	EndGlobalSection
	GlobalSection(ProjectConfigurationPlatforms) = postSolution
		{AAAE807F-93AC-49CF-92DE-816FB3504825}.Debug|Any CPU.ActiveCfg = Debug|Any CPU
		{AAAE807F-93AC-49CF-92DE-816FB3504825}.Debug|Any CPU.Build.0 = Debug|Any CPU
		{AAAE807F-93AC-49CF-92DE-816FB3504825}.Release|Any CPU.ActiveCfg = Release|Any CPU
		{AAAE807F-93AC-49CF-92DE-816FB3504825}.Release|Any CPU.Build.0 = Release|Any CPU
		{4F2B2D19-EB9A-477C-AF54-CB96D7E8C4DB}.Debug|Any CPU.ActiveCfg = Debug|Any CPU
		{4F2B2D19-EB9A-477C-AF54-CB96D7E8C4DB}.Debug|Any CPU.Build.0 = Debug|Any CPU
		{4F2B2D19-EB9A-477C-AF54-CB96D7E8C4DB}.Release|Any CPU.ActiveCfg = Release|Any CPU
		{4F2B2D19-EB9A-477C-AF54-CB96D7E8C4DB}.Release|Any CPU.Build.0 = Release|Any CPU
	EndGlobalSection
	GlobalSection(SolutionProperties) = preSolution
		HideSolutionNode = FALSE
	EndGlobalSection
	GlobalSection(ExtensibilityGlobals) = postSolution
		SolutionGuid = {4645DAAC-CFEB-4768-B119-76DFB8A53E0D}
	EndGlobalSection
EndGlobal
